
Microsoft Visual Studio Solution File, Format Version 12.00
# Visual Studio 15
VisualStudioVersion = 15.0.27130.2027
MinimumVisualStudioVersion = 10.0.40219.1
Project("{FAE04EC0-301F-11D3-BF4B-00C04F79EFBC}") = "ShoppingBasketDLL", "ShoppingBasketDLL\ShoppingBasketDLL.csproj", "{9BEA00F5-9113-4BA5-A084-B37C12E3D976}"
EndProject
Project("{FAE04EC0-301F-11D3-BF4B-00C04F79EFBC}") = "ShoppingBasketTest", "ShoppingBasketTest\ShoppingBasketTest.csproj", "{A9666EBE-4348-4451-A2F4-8E48E335A05D}"
EndProject
Global
	GlobalSection(SolutionConfigurationPlatforms) = preSolution
		Debug|Any CPU = Debug|Any CPU
		Release|Any CPU = Release|Any CPU
	EndGlobalSection
	GlobalSection(ProjectConfigurationPlatforms) = postSolution
		{9BEA00F5-9113-4BA5-A084-B37C12E3D976}.Debug|Any CPU.ActiveCfg = Debug|Any CPU
		{9BEA00F5-9113-4BA5-A084-B37C12E3D976}.Debug|Any CPU.Build.0 = Debug|Any CPU
		{9BEA00F5-9113-4BA5-A084-B37C12E3D976}.Release|Any CPU.ActiveCfg = Release|Any CPU
		{9BEA00F5-9113-4BA5-A084-B37C12E3D976}.Release|Any CPU.Build.0 = Release|Any CPU
		{A9666EBE-4348-4451-A2F4-8E48E335A05D}.Debug|Any CPU.ActiveCfg = Debug|Any CPU
		{A9666EBE-4348-4451-A2F4-8E48E335A05D}.Debug|Any CPU.Build.0 = Debug|Any CPU
		{A9666EBE-4348-4451-A2F4-8E48E335A05D}.Release|Any CPU.ActiveCfg = Release|Any CPU
		{A9666EBE-4348-4451-A2F4-8E48E335A05D}.Release|Any CPU.Build.0 = Release|Any CPU
	EndGlobalSection
	GlobalSection(SolutionProperties) = preSolution
		HideSolutionNode = FALSE
	EndGlobalSection
	GlobalSection(ExtensibilityGlobals) = postSolution
		SolutionGuid = {D7F05528-210E-4A53-BEAF-2567C745713B}
	EndGlobalSection
EndGlobal
